// !$*UTF8*$!
{
	archiveVersion = 1;
	classes = {
	};
	objectVersion = 46;
	objects = {

/* Begin PBXBuildFile section */
		9B9920CA1B485C2100D444F8 /* AppDelegate.swift in Sources */ = {isa = PBXBuildFile; fileRef = 9B9920C91B485C2100D444F8 /* AppDelegate.swift */; };
		9B9920CC1B485C2100D444F8 /* ViewController.swift in Sources */ = {isa = PBXBuildFile; fileRef = 9B9920CB1B485C2100D444F8 /* ViewController.swift */; };
		9B9920CF1B485C2100D444F8 /* Main.storyboard in Resources */ = {isa = PBXBuildFile; fileRef = 9B9920CD1B485C2100D444F8 /* Main.storyboard */; };
		9B9920D11B485C2100D444F8 /* Images.xcassets in Resources */ = {isa = PBXBuildFile; fileRef = 9B9920D01B485C2100D444F8 /* Images.xcassets */; };
		9B9920D41B485C2100D444F8 /* LaunchScreen.xib in Resources */ = {isa = PBXBuildFile; fileRef = 9B9920D21B485C2100D444F8 /* LaunchScreen.xib */; };
		9B9920E01B485C2100D444F8 /* ClearStyleTests.swift in Sources */ = {isa = PBXBuildFile; fileRef = 9B9920DF1B485C2100D444F8 /* ClearStyleTests.swift */; };
		9B9920EA1B485F1A00D444F8 /* ToDoItem.swift in Sources */ = {isa = PBXBuildFile; fileRef = 9B9920E91B485F1A00D444F8 /* ToDoItem.swift */; };
		9B9920EC1B487B2500D444F8 /* TableViewCell.swift in Sources */ = {isa = PBXBuildFile; fileRef = 9B9920EB1B487B2500D444F8 /* TableViewCell.swift */; };
		9B9920EE1B48B2F200D444F8 /* StrikeThroughText.swift in Sources */ = {isa = PBXBuildFile; fileRef = 9B9920ED1B48B2F200D444F8 /* StrikeThroughText.swift */; };
/* End PBXBuildFile section */

/* Begin PBXContainerItemProxy section */
		9B9920DA1B485C2100D444F8 /* PBXContainerItemProxy */ = {
			isa = PBXContainerItemProxy;
			containerPortal = 9B9920BC1B485C2100D444F8 /* Project object */;
			proxyType = 1;
			remoteGlobalIDString = 9B9920C31B485C2100D444F8;
			remoteInfo = ClearStyle;
		};
/* End PBXContainerItemProxy section */

/* Begin PBXFileReference section */
		9B9920C41B485C2100D444F8 /* ClearStyle.app */ = {isa = PBXFileReference; explicitFileType = wrapper.application; includeInIndex = 0; path = ClearStyle.app; sourceTree = BUILT_PRODUCTS_DIR; };
		9B9920C81B485C2100D444F8 /* Info.plist */ = {isa = PBXFileReference; lastKnownFileType = text.plist.xml; path = Info.plist; sourceTree = "<group>"; };
		9B9920C91B485C2100D444F8 /* AppDelegate.swift */ = {isa = PBXFileReference; lastKnownFileType = sourcecode.swift; path = AppDelegate.swift; sourceTree = "<group>"; };
		9B9920CB1B485C2100D444F8 /* ViewController.swift */ = {isa = PBXFileReference; lastKnownFileType = sourcecode.swift; path = ViewController.swift; sourceTree = "<group>"; };
		9B9920CE1B485C2100D444F8 /* Base */ = {isa = PBXFileReference; lastKnownFileType = file.storyboard; name = Base; path = Base.lproj/Main.storyboard; sourceTree = "<group>"; };
		9B9920D01B485C2100D444F8 /* Images.xcassets */ = {isa = PBXFileReference; lastKnownFileType = folder.assetcatalog; path = Images.xcassets; sourceTree = "<group>"; };
		9B9920D31B485C2100D444F8 /* Base */ = {isa = PBXFileReference; lastKnownFileType = file.xib; name = Base; path = Base.lproj/LaunchScreen.xib; sourceTree = "<group>"; };
		9B9920D91B485C2100D444F8 /* ClearStyleTests.xctest */ = {isa = PBXFileReference; explicitFileType = wrapper.cfbundle; includeInIndex = 0; path = ClearStyleTests.xctest; sourceTree = BUILT_PRODUCTS_DIR; };
		9B9920DE1B485C2100D444F8 /* Info.plist */ = {isa = PBXFileReference; lastKnownFileType = text.plist.xml; path = Info.plist; sourceTree = "<group>"; };
		9B9920DF1B485C2100D444F8 /* ClearStyleTests.swift */ = {isa = PBXFileReference; lastKnownFileType = sourcecode.swift; path = ClearStyleTests.swift; sourceTree = "<group>"; };
		9B9920E91B485F1A00D444F8 /* ToDoItem.swift */ = {isa = PBXFileReference; fileEncoding = 4; lastKnownFileType = sourcecode.swift; path = ToDoItem.swift; sourceTree = "<group>"; };
		9B9920EB1B487B2500D444F8 /* TableViewCell.swift */ = {isa = PBXFileReference; fileEncoding = 4; lastKnownFileType = sourcecode.swift; path = TableViewCell.swift; sourceTree = "<group>"; };
		9B9920ED1B48B2F200D444F8 /* StrikeThroughText.swift */ = {isa = PBXFileReference; fileEncoding = 4; lastKnownFileType = sourcecode.swift; path = StrikeThroughText.swift; sourceTree = "<group>"; };
/* End PBXFileReference section */

/* Begin PBXFrameworksBuildPhase section */
		9B9920C11B485C2100D444F8 /* Frameworks */ = {
			isa = PBXFrameworksBuildPhase;
			buildActionMask = 2147483647;
			files = (
			);
			runOnlyForDeploymentPostprocessing = 0;
		};
		9B9920D61B485C2100D444F8 /* Frameworks */ = {
			isa = PBXFrameworksBuildPhase;
			buildActionMask = 2147483647;
			files = (
			);
			runOnlyForDeploymentPostprocessing = 0;
		};
/* End PBXFrameworksBuildPhase section */

/* Begin PBXGroup section */
		9B9920BB1B485C2100D444F8 = {
			isa = PBXGroup;
			children = (
				9B9920C61B485C2100D444F8 /* ClearStyle */,
				9B9920DC1B485C2100D444F8 /* ClearStyleTests */,
				9B9920C51B485C2100D444F8 /* Products */,
			);
			sourceTree = "<group>";
		};
		9B9920C51B485C2100D444F8 /* Products */ = {
			isa = PBXGroup;
			children = (
				9B9920C41B485C2100D444F8 /* ClearStyle.app */,
				9B9920D91B485C2100D444F8 /* ClearStyleTests.xctest */,
			);
			name = Products;
			sourceTree = "<group>";
		};
		9B9920C61B485C2100D444F8 /* ClearStyle */ = {
			isa = PBXGroup;
			children = (
				9B9920C91B485C2100D444F8 /* AppDelegate.swift */,
				9B9920CB1B485C2100D444F8 /* ViewController.swift */,
				9B9920ED1B48B2F200D444F8 /* StrikeThroughText.swift */,
				9B9920EB1B487B2500D444F8 /* TableViewCell.swift */,
				9B9920E91B485F1A00D444F8 /* ToDoItem.swift */,
				9B9920CD1B485C2100D444F8 /* Main.storyboard */,
				9B9920D01B485C2100D444F8 /* Images.xcassets */,
				9B9920D21B485C2100D444F8 /* LaunchScreen.xib */,
				9B9920C71B485C2100D444F8 /* Supporting Files */,
			);
			path = ClearStyle;
			sourceTree = "<group>";
		};
		9B9920C71B485C2100D444F8 /* Supporting Files */ = {
			isa = PBXGroup;
			children = (
				9B9920C81B485C2100D444F8 /* Info.plist */,
			);
			name = "Supporting Files";
			sourceTree = "<group>";
		};
		9B9920DC1B485C2100D444F8 /* ClearStyleTests */ = {
			isa = PBXGroup;
			children = (
				9B9920DF1B485C2100D444F8 /* ClearStyleTests.swift */,
				9B9920DD1B485C2100D444F8 /* Supporting Files */,
			);
			path = ClearStyleTests;
			sourceTree = "<group>";
		};
		9B9920DD1B485C2100D444F8 /* Supporting Files */ = {
			isa = PBXGroup;
			children = (
				9B9920DE1B485C2100D444F8 /* Info.plist */,
			);
			name = "Supporting Files";
			sourceTree = "<group>";
		};
/* End PBXGroup section */

/* Begin PBXNativeTarget section */
		9B9920C31B485C2100D444F8 /* ClearStyle */ = {
			isa = PBXNativeTarget;
			buildConfigurationList = 9B9920E31B485C2100D444F8 /* Build configuration list for PBXNativeTarget "ClearStyle" */;
			buildPhases = (
				9B9920C01B485C2100D444F8 /* Sources */,
				9B9920C11B485C2100D444F8 /* Frameworks */,
				9B9920C21B485C2100D444F8 /* Resources */,
			);
			buildRules = (
			);
			dependencies = (
			);
			name = ClearStyle;
			productName = ClearStyle;
			productReference = 9B9920C41B485C2100D444F8 /* ClearStyle.app */;
			productType = "com.apple.product-type.application";
		};
		9B9920D81B485C2100D444F8 /* ClearStyleTests */ = {
			isa = PBXNativeTarget;
			buildConfigurationList = 9B9920E61B485C2100D444F8 /* Build configuration list for PBXNativeTarget "ClearStyleTests" */;
			buildPhases = (
				9B9920D51B485C2100D444F8 /* Sources */,
				9B9920D61B485C2100D444F8 /* Frameworks */,
				9B9920D71B485C2100D444F8 /* Resources */,
			);
			buildRules = (
			);
			dependencies = (
				9B9920DB1B485C2100D444F8 /* PBXTargetDependency */,
			);
			name = ClearStyleTests;
			productName = ClearStyleTests;
			productReference = 9B9920D91B485C2100D444F8 /* ClearStyleTests.xctest */;
			productType = "com.apple.product-type.bundle.unit-test";
		};
/* End PBXNativeTarget section */

/* Begin PBXProject section */
		9B9920BC1B485C2100D444F8 /* Project object */ = {
			isa = PBXProject;
			attributes = {
				LastUpgradeCheck = 0620;
				ORGANIZATIONNAME = "Ilia Pochinskii";
				TargetAttributes = {
					9B9920C31B485C2100D444F8 = {
						CreatedOnToolsVersion = 6.2;
					};
					9B9920D81B485C2100D444F8 = {
						CreatedOnToolsVersion = 6.2;
						TestTargetID = 9B9920C31B485C2100D444F8;
					};
				};
			};
			buildConfigurationList = 9B9920BF1B485C2100D444F8 /* Build configuration list for PBXProject "ClearStyle" */;
			compatibilityVersion = "Xcode 3.2";
			developmentRegion = English;
			hasScannedForEncodings = 0;
			knownRegions = (
				en,
				Base,
			);
			mainGroup = 9B9920BB1B485C2100D444F8;
			productRefGroup = 9B9920C51B485C2100D444F8 /* Products */;
			projectDirPath = "";
			projectRoot = "";
			targets = (
				9B9920C31B485C2100D444F8 /* ClearStyle */,
				9B9920D81B485C2100D444F8 /* ClearStyleTests */,
			);
		};
/* End PBXProject section */

/* Begin PBXResourcesBuildPhase section */
		9B9920C21B485C2100D444F8 /* Resources */ = {
			isa = PBXResourcesBuildPhase;
			buildActionMask = 2147483647;
			files = (
				9B9920CF1B485C2100D444F8 /* Main.storyboard in Resources */,
				9B9920D41B485C2100D444F8 /* LaunchScreen.xib in Resources */,
				9B9920D11B485C2100D444F8 /* Images.xcassets in Resources */,
			);
			runOnlyForDeploymentPostprocessing = 0;
		};
		9B9920D71B485C2100D444F8 /* Resources */ = {
			isa = PBXResourcesBuildPhase;
			buildActionMask = 2147483647;
			files = (
			);
			runOnlyForDeploymentPostprocessing = 0;
		};
/* End PBXResourcesBuildPhase section */

/* Begin PBXSourcesBuildPhase section */
		9B9920C01B485C2100D444F8 /* Sources */ = {
			isa = PBXSourcesBuildPhase;
			buildActionMask = 2147483647;
			files = (
				9B9920CC1B485C2100D444F8 /* ViewController.swift in Sources */,
				9B9920EC1B487B2500D444F8 /* TableViewCell.swift in Sources */,
				9B9920CA1B485C2100D444F8 /* AppDelegate.swift in Sources */,
				9B9920EA1B485F1A00D444F8 /* ToDoItem.swift in Sources */,
				9B9920EE1B48B2F200D444F8 /* StrikeThroughText.swift in Sources */,
			);
			runOnlyForDeploymentPostprocessing = 0;
		};
		9B9920D51B485C2100D444F8 /* Sources */ = {
			isa = PBXSourcesBuildPhase;
			buildActionMask = 2147483647;
			files = (
				9B9920E01B485C2100D444F8 /* ClearStyleTests.swift in Sources */,
			);
			runOnlyForDeploymentPostprocessing = 0;
		};
/* End PBXSourcesBuildPhase section */

/* Begin PBXTargetDependency section */
		9B9920DB1B485C2100D444F8 /* PBXTargetDependency */ = {
			isa = PBXTargetDependency;
			target = 9B9920C31B485C2100D444F8 /* ClearStyle */;
			targetProxy = 9B9920DA1B485C2100D444F8 /* PBXContainerItemProxy */;
		};
/* End PBXTargetDependency section */

/* Begin PBXVariantGroup section */
		9B9920CD1B485C2100D444F8 /* Main.storyboard */ = {
			isa = PBXVariantGroup;
			children = (
				9B9920CE1B485C2100D444F8 /* Base */,
			);
			name = Main.storyboard;
			sourceTree = "<group>";
		};
		9B9920D21B485C2100D444F8 /* LaunchScreen.xib */ = {
			isa = PBXVariantGroup;
			children = (
				9B9920D31B485C2100D444F8 /* Base */,
			);
			name = LaunchScreen.xib;
			sourceTree = "<group>";
		};
/* End PBXVariantGroup section */

/* Begin XCBuildConfiguration section */
		9B9920E11B485C2100D444F8 /* Debug */ = {
			isa = XCBuildConfiguration;
			buildSettings = {
				ALWAYS_SEARCH_USER_PATHS = NO;
				CLANG_CXX_LANGUAGE_STANDARD = "gnu++0x";
				CLANG_CXX_LIBRARY = "libc++";
				CLANG_ENABLE_MODULES = YES;
				CLANG_ENABLE_OBJC_ARC = YES;
				CLANG_WARN_BOOL_CONVERSION = YES;
				CLANG_WARN_CONSTANT_CONVERSION = YES;
				CLANG_WARN_DIRECT_OBJC_ISA_USAGE = YES_ERROR;
				CLANG_WARN_EMPTY_BODY = YES;
				CLANG_WARN_ENUM_CONVERSION = YES;
				CLANG_WARN_INT_CONVERSION = YES;
				CLANG_WARN_OBJC_ROOT_CLASS = YES_ERROR;
				CLANG_WARN_UNREACHABLE_CODE = YES;
				CLANG_WARN__DUPLICATE_METHOD_MATCH = YES;
				"CODE_SIGN_IDENTITY[sdk=iphoneos*]" = "iPhone Developer";
				COPY_PHASE_STRIP = NO;
				ENABLE_STRICT_OBJC_MSGSEND = YES;
				GCC_C_LANGUAGE_STANDARD = gnu99;
				GCC_DYNAMIC_NO_PIC = NO;
				GCC_OPTIMIZATION_LEVEL = 0;
				GCC_PREPROCESSOR_DEFINITIONS = (
					"DEBUG=1",
					"$(inherited)",
				);
				GCC_SYMBOLS_PRIVATE_EXTERN = NO;
				GCC_WARN_64_TO_32_BIT_CONVERSION = YES;
				GCC_WARN_ABOUT_RETURN_TYPE = YES_ERROR;
				GCC_WARN_UNDECLARED_SELECTOR = YES;
				GCC_WARN_UNINITIALIZED_AUTOS = YES_AGGRESSIVE;
				GCC_WARN_UNUSED_FUNCTION = YES;
				GCC_WARN_UNUSED_VARIABLE = YES;
				IPHONEOS_DEPLOYMENT_TARGET = 8.2;
				MTL_ENABLE_DEBUG_INFO = YES;
				ONLY_ACTIVE_ARCH = YES;
				SDKROOT = iphoneos;
				SWIFT_OPTIMIZATION_LEVEL = "-Onone";
			};
			name = Debug;
		};
		9B9920E21B485C2100D444F8 /* Release */ = {
			isa = XCBuildConfiguration;
			buildSettings = {
				ALWAYS_SEARCH_USER_PATHS = NO;
				CLANG_CXX_LANGUAGE_STANDARD = "gnu++0x";
				CLANG_CXX_LIBRARY = "libc++";
				CLANG_ENABLE_MODULES = YES;
				CLANG_ENABLE_OBJC_ARC = YES;
				CLANG_WARN_BOOL_CONVERSION = YES;
				CLANG_WARN_CONSTANT_CONVERSION = YES;
				CLANG_WARN_DIRECT_OBJC_ISA_USAGE = YES_ERROR;
				CLANG_WARN_EMPTY_BODY = YES;
				CLANG_WARN_ENUM_CONVERSION = YES;
				CLANG_WARN_INT_CONVERSION = YES;
				CLANG_WARN_OBJC_ROOT_CLASS = YES_ERROR;
				CLANG_WARN_UNREACHABLE_CODE = YES;
				CLANG_WARN__DUPLICATE_METHOD_MATCH = YES;
				"CODE_SIGN_IDENTITY[sdk=iphoneos*]" = "iPhone Developer";
				COPY_PHASE_STRIP = NO;
				ENABLE_NS_ASSERTIONS = NO;
				ENABLE_STRICT_OBJC_MSGSEND = YES;
				GCC_C_LANGUAGE_STANDARD = gnu99;
				GCC_WARN_64_TO_32_BIT_CONVERSION = YES;
				GCC_WARN_ABOUT_RETURN_TYPE = YES_ERROR;
				GCC_WARN_UNDECLARED_SELECTOR = YES;
				GCC_WARN_UNINITIALIZED_AUTOS = YES_AGGRESSIVE;
				GCC_WARN_UNUSED_FUNCTION = YES;
				GCC_WARN_UNUSED_VARIABLE = YES;
				IPHONEOS_DEPLOYMENT_TARGET = 8.2;
				MTL_ENABLE_DEBUG_INFO = NO;
				SDKROOT = iphoneos;
				VALIDATE_PRODUCT = YES;
			};
			name = Release;
		};
		9B9920E41B485C2100D444F8 /* Debug */ = {
			isa = XCBuildConfiguration;
			buildSettings = {
				ASSETCATALOG_COMPILER_APPICON_NAME = AppIcon;
				INFOPLIST_FILE = ClearStyle/Info.plist;
				LD_RUNPATH_SEARCH_PATHS = "$(inherited) @executable_path/Frameworks";
				PRODUCT_NAME = "$(TARGET_NAME)";
			};
			name = Debug;
		};
		9B9920E51B485C2100D444F8 /* Release */ = {
			isa = XCBuildConfiguration;
			buildSettings = {
				ASSETCATALOG_COMPILER_APPICON_NAME = AppIcon;
				INFOPLIST_FILE = ClearStyle/Info.plist;
				LD_RUNPATH_SEARCH_PATHS = "$(inherited) @executable_path/Frameworks";
				PRODUCT_NAME = "$(TARGET_NAME)";
			};
			name = Release;
		};
		9B9920E71B485C2100D444F8 /* Debug */ = {
			isa = XCBuildConfiguration;
			buildSettings = {
				BUNDLE_LOADER = "$(TEST_HOST)";
				FRAMEWORK_SEARCH_PATHS = (
					"$(SDKROOT)/Developer/Library/Frameworks",
					"$(inherited)",
				);
				GCC_PREPROCESSOR_DEFINITIONS = (
					"DEBUG=1",
					"$(inherited)",
				);
				INFOPLIST_FILE = ClearStyleTests/Info.plist;
				LD_RUNPATH_SEARCH_PATHS = "$(inherited) @executable_path/Frameworks @loader_path/Frameworks";
				PRODUCT_NAME = "$(TARGET_NAME)";
				TEST_HOST = "$(BUILT_PRODUCTS_DIR)/ClearStyle.app/ClearStyle";
			};
			name = Debug;
		};
		9B9920E81B485C2100D444F8 /* Release */ = {
			isa = XCBuildConfiguration;
			buildSettings = {
				BUNDLE_LOADER = "$(TEST_HOST)";
				FRAMEWORK_SEARCH_PATHS = (
					"$(SDKROOT)/Developer/Library/Frameworks",
					"$(inherited)",
				);
				INFOPLIST_FILE = ClearStyleTests/Info.plist;
				LD_RUNPATH_SEARCH_PATHS = "$(inherited) @executable_path/Frameworks @loader_path/Frameworks";
				PRODUCT_NAME = "$(TARGET_NAME)";
				TEST_HOST = "$(BUILT_PRODUCTS_DIR)/ClearStyle.app/ClearStyle";
			};
			name = Release;
		};
/* End XCBuildConfiguration section */

/* Begin XCConfigurationList section */
		9B9920BF1B485C2100D444F8 /* Build configuration list for PBXProject "ClearStyle" */ = {
			isa = XCConfigurationList;
			buildConfigurations = (
				9B9920E11B485C2100D444F8 /* Debug */,
				9B9920E21B485C2100D444F8 /* Release */,
			);
			defaultConfigurationIsVisible = 0;
			defaultConfigurationName = Release;
		};
		9B9920E31B485C2100D444F8 /* Build configuration list for PBXNativeTarget "ClearStyle" */ = {
			isa = XCConfigurationList;
			buildConfigurations = (
				9B9920E41B485C2100D444F8 /* Debug */,
				9B9920E51B485C2100D444F8 /* Release */,
			);
			defaultConfigurationIsVisible = 0;
		};
		9B9920E61B485C2100D444F8 /* Build configuration list for PBXNativeTarget "ClearStyleTests" */ = {
			isa = XCConfigurationList;
			buildConfigurations = (
				9B9920E71B485C2100D444F8 /* Debug */,
				9B9920E81B485C2100D444F8 /* Release */,
			);
			defaultConfigurationIsVisible = 0;
		};
/* End XCConfigurationList section */
	};
	rootObject = 9B9920BC1B485C2100D444F8 /* Project object */;
}
